# This file is automatically @generated by Cargo.
# It is not intended for manual editing.
version = 4

[[package]]
name = "cards"
version = "0.1.0"
dependencies = [
 "mutants",
]

[[package]]
name = "mutants"
version = "0.0.4"
source = "registry+https://github.com/rust-lang/crates.io-index"
checksum = "add0ac067452ff1aca8c5002111bd6b1c895baee6e45fcbc44e0193aea17be56"

[[package]]
name = "poker-cards"
version = "0.1.0"
dependencies = [
 "cards",
]
